
Microsoft Visual Studio Solution File, Format Version 12.00
# Visual Studio Version 17
VisualStudioVersion = 17.9.34728.123
MinimumVisualStudioVersion = 10.0.40219.1
Project("{FAE04EC0-301F-11D3-BF4B-00C04F79EFBC}") = "Evertec.JobTracker.Web", "Evertec.JobTracker\Evertec.JobTracker.Web.csproj", "{8EE19F20-83A7-49E8-BDE9-7A81017C948A}"
EndProject
Project("{FAE04EC0-301F-11D3-BF4B-00C04F79EFBC}") = "Evertec.JobTracker.Data", "Evertec.JobTracker.Data\Evertec.JobTracker.Data.csproj", "{8A21F22F-E823-40B5-873F-C4CE1FF9F278}"
EndProject
Global
	GlobalSection(SolutionConfigurationPlatforms) = preSolution
		Debug|Any CPU = Debug|Any CPU
		Release|Any CPU = Release|Any CPU
	EndGlobalSection
	GlobalSection(ProjectConfigurationPlatforms) = postSolution
		{8EE19F20-83A7-49E8-BDE9-7A81017C948A}.Debug|Any CPU.ActiveCfg = Debug|Any CPU
		{8EE19F20-83A7-49E8-BDE9-7A81017C948A}.Debug|Any CPU.Build.0 = Debug|Any CPU
		{8EE19F20-83A7-49E8-BDE9-7A81017C948A}.Release|Any CPU.ActiveCfg = Release|Any CPU
		{8EE19F20-83A7-49E8-BDE9-7A81017C948A}.Release|Any CPU.Build.0 = Release|Any CPU
		{8A21F22F-E823-40B5-873F-C4CE1FF9F278}.Debug|Any CPU.ActiveCfg = Debug|Any CPU
		{8A21F22F-E823-40B5-873F-C4CE1FF9F278}.Debug|Any CPU.Build.0 = Debug|Any CPU
		{8A21F22F-E823-40B5-873F-C4CE1FF9F278}.Release|Any CPU.ActiveCfg = Release|Any CPU
		{8A21F22F-E823-40B5-873F-C4CE1FF9F278}.Release|Any CPU.Build.0 = Release|Any CPU
	EndGlobalSection
	GlobalSection(SolutionProperties) = preSolution
		HideSolutionNode = FALSE
	EndGlobalSection
	GlobalSection(ExtensibilityGlobals) = postSolution
		SolutionGuid = {EDC31DE7-2973-47C9-8834-C472F4B0214F}
	EndGlobalSection
EndGlobal
